{
  "name": "capitol-lost-and-found",
  "lockfileVersion": 3,
  "requires": true,
  "packages": {
    "": {
      "name": "capitol-lost-and-found",
      "dependencies": {
        "@neondatabase/serverless": "^1.0.2"
      },
      "engines": {
        "node": ">=20"
      }
    },
    "node_modules/@neondatabase/serverless": {
      "version": "1.2.0",
      "resolved": "https://registry.npmjs.org/@neondatabase/serverless/-/serverless-1.2.0.tgz",
      "integrity": "sha512-tnaqgixUengZQNd9ZrS3ytQfamJzLKY8QxgqWQTNHHtB+KrFQWk77JTbbpg4RD+J3qE4eO2lVytvGDX5Kj6FdQ==",
      "license": "MIT",
      "engines": {
        "node": ">=19.0.0"
      }
    }
  }
}
